// !$*UTF8*$!
{
	archiveVersion = 1;
	classes = {
	};
	objectVersion = 46;
	objects = {

/* Begin PBXBuildFile section */
		192FC54D18E9C899009F326C /* STWCallOperation.m in Sources */ = {isa = PBXBuildFile; fileRef = 192FC54C18E9C899009F326C /* STWCallOperation.m */; };
		192FC55018ED8CB6009F326C /* STWServiceRepositoryTests.m in Sources */ = {isa = PBXBuildFile; fileRef = 192FC54F18ED8CB6009F326C /* STWServiceRepositoryTests.m */; };
		1992E49218EE712E00440DF9 /* STWServiceCallTests.m in Sources */ = {isa = PBXBuildFile; fileRef = 1992E49118EE712E00440DF9 /* STWServiceCallTests.m */; };
		1992E49818F64F0C00440DF9 /* STWNativeBridge.m in Sources */ = {isa = PBXBuildFile; fileRef = 1992E49718F64F0C00440DF9 /* STWNativeBridge.m */; };
		1992E49B18F7775A00440DF9 /* STWLogger.m in Sources */ = {isa = PBXBuildFile; fileRef = 1992E49A18F7775900440DF9 /* STWLogger.m */; };
		19F6C4FA18DDD61A006C2FD1 /* Foundation.framework in Frameworks */ = {isa = PBXBuildFile; fileRef = 19F6C4F918DDD61A006C2FD1 /* Foundation.framework */; };
		19F6C50818DDD61A006C2FD1 /* XCTest.framework in Frameworks */ = {isa = PBXBuildFile; fileRef = 19F6C50718DDD61A006C2FD1 /* XCTest.framework */; };
		19F6C50918DDD61A006C2FD1 /* Foundation.framework in Frameworks */ = {isa = PBXBuildFile; fileRef = 19F6C4F918DDD61A006C2FD1 /* Foundation.framework */; };
		19F6C50B18DDD61A006C2FD1 /* UIKit.framework in Frameworks */ = {isa = PBXBuildFile; fileRef = 19F6C50A18DDD61A006C2FD1 /* UIKit.framework */; };
		19F6C50E18DDD61A006C2FD1 /* libStraw.a in Frameworks */ = {isa = PBXBuildFile; fileRef = 19F6C4F618DDD61A006C2FD1 /* libStraw.a */; };
		19F6C52118E1B04B006C2FD1 /* StrawTestObserver.m in Sources */ = {isa = PBXBuildFile; fileRef = 19F6C52018E1B04B006C2FD1 /* StrawTestObserver.m */; };
		19F6C53318E291DE006C2FD1 /* STWServiceCall.m in Sources */ = {isa = PBXBuildFile; fileRef = 19F6C53218E291DE006C2FD1 /* STWServiceCall.m */; };
		19F6C53618E29255006C2FD1 /* STWServiceCallFactory.m in Sources */ = {isa = PBXBuildFile; fileRef = 19F6C53518E29255006C2FD1 /* STWServiceCallFactory.m */; };
		19F6C53A18E292A9006C2FD1 /* STWWebViewDelegate.m in Sources */ = {isa = PBXBuildFile; fileRef = 19F6C53918E292A9006C2FD1 /* STWWebViewDelegate.m */; };
		19F6C53E18E425A9006C2FD1 /* STWServiceRepository.m in Sources */ = {isa = PBXBuildFile; fileRef = 19F6C53D18E425A9006C2FD1 /* STWServiceRepository.m */; };
		4BAB32CCAC024C21A4CACDB4 /* libPods.a in Frameworks */ = {isa = PBXBuildFile; fileRef = 1BC21D048C8445BCBEEA9339 /* libPods.a */; };
/* End PBXBuildFile section */

/* Begin PBXContainerItemProxy section */
		19F6C50C18DDD61A006C2FD1 /* PBXContainerItemProxy */ = {
			isa = PBXContainerItemProxy;
			containerPortal = 19F6C4EE18DDD61A006C2FD1 /* Project object */;
			proxyType = 1;
			remoteGlobalIDString = 19F6C4F518DDD61A006C2FD1;
			remoteInfo = Straw;
		};
/* End PBXContainerItemProxy section */

/* Begin PBXCopyFilesBuildPhase section */
		19F6C4F418DDD61A006C2FD1 /* CopyFiles */ = {
			isa = PBXCopyFilesBuildPhase;
			buildActionMask = 2147483647;
			dstPath = "include/$(PRODUCT_NAME)";
			dstSubfolderSpec = 16;
			files = (
			);
			runOnlyForDeploymentPostprocessing = 0;
		};
/* End PBXCopyFilesBuildPhase section */

/* Begin PBXFileReference section */
		192FC54B18E9C899009F326C /* STWCallOperation.h */ = {isa = PBXFileReference; fileEncoding = 4; lastKnownFileType = sourcecode.c.h; path = STWCallOperation.h; sourceTree = "<group>"; };
		192FC54C18E9C899009F326C /* STWCallOperation.m */ = {isa = PBXFileReference; fileEncoding = 4; lastKnownFileType = sourcecode.c.objc; path = STWCallOperation.m; sourceTree = "<group>"; };
		192FC54F18ED8CB6009F326C /* STWServiceRepositoryTests.m */ = {isa = PBXFileReference; fileEncoding = 4; lastKnownFileType = sourcecode.c.objc; path = STWServiceRepositoryTests.m; sourceTree = "<group>"; };
		1992E49118EE712E00440DF9 /* STWServiceCallTests.m */ = {isa = PBXFileReference; fileEncoding = 4; lastKnownFileType = sourcecode.c.objc; path = STWServiceCallTests.m; sourceTree = "<group>"; };
		1992E49418F0598F00440DF9 /* STWServiceCallContext.h */ = {isa = PBXFileReference; fileEncoding = 4; lastKnownFileType = sourcecode.c.h; path = STWServiceCallContext.h; sourceTree = "<group>"; };
		1992E49518F64E0500440DF9 /* STW.h */ = {isa = PBXFileReference; fileEncoding = 4; lastKnownFileType = sourcecode.c.h; path = STW.h; sourceTree = "<group>"; };
		1992E49618F64F0C00440DF9 /* STWNativeBridge.h */ = {isa = PBXFileReference; fileEncoding = 4; lastKnownFileType = sourcecode.c.h; path = STWNativeBridge.h; sourceTree = "<group>"; };
		1992E49718F64F0C00440DF9 /* STWNativeBridge.m */ = {isa = PBXFileReference; fileEncoding = 4; lastKnownFileType = sourcecode.c.objc; path = STWNativeBridge.m; sourceTree = "<group>"; };
		1992E49918F7775900440DF9 /* STWLogger.h */ = {isa = PBXFileReference; fileEncoding = 4; lastKnownFileType = sourcecode.c.h; path = STWLogger.h; sourceTree = "<group>"; };
		1992E49A18F7775900440DF9 /* STWLogger.m */ = {isa = PBXFileReference; fileEncoding = 4; lastKnownFileType = sourcecode.c.objc; path = STWLogger.m; sourceTree = "<group>"; };
		19F6C4F618DDD61A006C2FD1 /* libStraw.a */ = {isa = PBXFileReference; explicitFileType = archive.ar; includeInIndex = 0; path = libStraw.a; sourceTree = BUILT_PRODUCTS_DIR; };
		19F6C4F918DDD61A006C2FD1 /* Foundation.framework */ = {isa = PBXFileReference; lastKnownFileType = wrapper.framework; name = Foundation.framework; path = System/Library/Frameworks/Foundation.framework; sourceTree = SDKROOT; };
		19F6C50618DDD61A006C2FD1 /* StrawTests.xctest */ = {isa = PBXFileReference; explicitFileType = wrapper.cfbundle; includeInIndex = 0; path = StrawTests.xctest; sourceTree = BUILT_PRODUCTS_DIR; };
		19F6C50718DDD61A006C2FD1 /* XCTest.framework */ = {isa = PBXFileReference; lastKnownFileType = wrapper.framework; name = XCTest.framework; path = Library/Frameworks/XCTest.framework; sourceTree = DEVELOPER_DIR; };
		19F6C50A18DDD61A006C2FD1 /* UIKit.framework */ = {isa = PBXFileReference; lastKnownFileType = wrapper.framework; name = UIKit.framework; path = Library/Frameworks/UIKit.framework; sourceTree = DEVELOPER_DIR; };
		19F6C51118DDD61A006C2FD1 /* StrawTests-Info.plist */ = {isa = PBXFileReference; lastKnownFileType = text.plist.xml; path = "StrawTests-Info.plist"; sourceTree = "<group>"; };
		19F6C52018E1B04B006C2FD1 /* StrawTestObserver.m */ = {isa = PBXFileReference; fileEncoding = 4; lastKnownFileType = sourcecode.c.objc; path = StrawTestObserver.m; sourceTree = "<group>"; };
		19F6C53118E291DE006C2FD1 /* STWServiceCall.h */ = {isa = PBXFileReference; fileEncoding = 4; lastKnownFileType = sourcecode.c.h; path = STWServiceCall.h; sourceTree = "<group>"; };
		19F6C53218E291DE006C2FD1 /* STWServiceCall.m */ = {isa = PBXFileReference; fileEncoding = 4; lastKnownFileType = sourcecode.c.objc; path = STWServiceCall.m; sourceTree = "<group>"; };
		19F6C53418E29255006C2FD1 /* STWServiceCallFactory.h */ = {isa = PBXFileReference; fileEncoding = 4; lastKnownFileType = sourcecode.c.h; path = STWServiceCallFactory.h; sourceTree = "<group>"; };
		19F6C53518E29255006C2FD1 /* STWServiceCallFactory.m */ = {isa = PBXFileReference; fileEncoding = 4; lastKnownFileType = sourcecode.c.objc; path = STWServiceCallFactory.m; sourceTree = "<group>"; };
		19F6C53818E292A9006C2FD1 /* STWWebViewDelegate.h */ = {isa = PBXFileReference; fileEncoding = 4; lastKnownFileType = sourcecode.c.h; path = STWWebViewDelegate.h; sourceTree = "<group>"; };
		19F6C53918E292A9006C2FD1 /* STWWebViewDelegate.m */ = {isa = PBXFileReference; fileEncoding = 4; lastKnownFileType = sourcecode.c.objc; path = STWWebViewDelegate.m; sourceTree = "<group>"; };
		19F6C53C18E425A9006C2FD1 /* STWServiceRepository.h */ = {isa = PBXFileReference; fileEncoding = 4; lastKnownFileType = sourcecode.c.h; path = STWServiceRepository.h; sourceTree = "<group>"; };
		19F6C53D18E425A9006C2FD1 /* STWServiceRepository.m */ = {isa = PBXFileReference; fileEncoding = 4; lastKnownFileType = sourcecode.c.objc; path = STWServiceRepository.m; sourceTree = "<group>"; };
		19F6C53F18E426AC006C2FD1 /* STWService.h */ = {isa = PBXFileReference; fileEncoding = 4; lastKnownFileType = sourcecode.c.h; path = STWService.h; sourceTree = "<group>"; };
		1BC21D048C8445BCBEEA9339 /* libPods.a */ = {isa = PBXFileReference; explicitFileType = archive.ar; includeInIndex = 0; path = libPods.a; sourceTree = BUILT_PRODUCTS_DIR; };
		E549ADFCA10C431885E2B4E6 /* Pods.xcconfig */ = {isa = PBXFileReference; includeInIndex = 1; lastKnownFileType = text.xcconfig; name = Pods.xcconfig; path = Pods/Pods.xcconfig; sourceTree = "<group>"; };
/* End PBXFileReference section */

/* Begin PBXFrameworksBuildPhase section */
		19F6C4F318DDD61A006C2FD1 /* Frameworks */ = {
			isa = PBXFrameworksBuildPhase;
			buildActionMask = 2147483647;
			files = (
				19F6C4FA18DDD61A006C2FD1 /* Foundation.framework in Frameworks */,
				4BAB32CCAC024C21A4CACDB4 /* libPods.a in Frameworks */,
			);
			runOnlyForDeploymentPostprocessing = 0;
		};
		19F6C50318DDD61A006C2FD1 /* Frameworks */ = {
			isa = PBXFrameworksBuildPhase;
			buildActionMask = 2147483647;
			files = (
				19F6C50818DDD61A006C2FD1 /* XCTest.framework in Frameworks */,
				19F6C50E18DDD61A006C2FD1 /* libStraw.a in Frameworks */,
				19F6C50B18DDD61A006C2FD1 /* UIKit.framework in Frameworks */,
				19F6C50918DDD61A006C2FD1 /* Foundation.framework in Frameworks */,
			);
			runOnlyForDeploymentPostprocessing = 0;
		};
/* End PBXFrameworksBuildPhase section */

/* Begin PBXGroup section */
		192FC54E18ED8C67009F326C /* Domain */ = {
			isa = PBXGroup;
			children = (
				192FC54F18ED8CB6009F326C /* STWServiceRepositoryTests.m */,
				1992E49118EE712E00440DF9 /* STWServiceCallTests.m */,
			);
			name = Domain;
			sourceTree = "<group>";
		};
		1992E49C18F8D52000440DF9 /* Infrastructure */ = {
			isa = PBXGroup;
			children = (
				1992E49918F7775900440DF9 /* STWLogger.h */,
				1992E49A18F7775900440DF9 /* STWLogger.m */,
			);
			name = Infrastructure;
			sourceTree = "<group>";
		};
		19F6C4ED18DDD61A006C2FD1 = {
			isa = PBXGroup;
			children = (
				19F6C4FB18DDD61A006C2FD1 /* Straw */,
				19F6C50F18DDD61A006C2FD1 /* StrawTests */,
				19F6C4F818DDD61A006C2FD1 /* Frameworks */,
				19F6C4F718DDD61A006C2FD1 /* Products */,
				E549ADFCA10C431885E2B4E6 /* Pods.xcconfig */,
			);
			sourceTree = "<group>";
		};
		19F6C4F718DDD61A006C2FD1 /* Products */ = {
			isa = PBXGroup;
			children = (
				19F6C4F618DDD61A006C2FD1 /* libStraw.a */,
				19F6C50618DDD61A006C2FD1 /* StrawTests.xctest */,
			);
			name = Products;
			sourceTree = "<group>";
		};
		19F6C4F818DDD61A006C2FD1 /* Frameworks */ = {
			isa = PBXGroup;
			children = (
				19F6C4F918DDD61A006C2FD1 /* Foundation.framework */,
				19F6C50718DDD61A006C2FD1 /* XCTest.framework */,
				19F6C50A18DDD61A006C2FD1 /* UIKit.framework */,
				1BC21D048C8445BCBEEA9339 /* libPods.a */,
			);
			name = Frameworks;
			sourceTree = "<group>";
		};
		19F6C4FB18DDD61A006C2FD1 /* Straw */ = {
			isa = PBXGroup;
			children = (
				1992E49C18F8D52000440DF9 /* Infrastructure */,
				19F6C53718E29263006C2FD1 /* Domain */,
				19F6C53818E292A9006C2FD1 /* STWWebViewDelegate.h */,
				19F6C53918E292A9006C2FD1 /* STWWebViewDelegate.m */,
				192FC54B18E9C899009F326C /* STWCallOperation.h */,
				192FC54C18E9C899009F326C /* STWCallOperation.m */,
				1992E49518F64E0500440DF9 /* STW.h */,
				1992E49618F64F0C00440DF9 /* STWNativeBridge.h */,
				1992E49718F64F0C00440DF9 /* STWNativeBridge.m */,
			);
			path = Straw;
			sourceTree = "<group>";
		};
		19F6C50F18DDD61A006C2FD1 /* StrawTests */ = {
			isa = PBXGroup;
			children = (
				192FC54E18ED8C67009F326C /* Domain */,
				19F6C51018DDD61A006C2FD1 /* Supporting Files */,
				19F6C52018E1B04B006C2FD1 /* StrawTestObserver.m */,
			);
			path = StrawTests;
			sourceTree = "<group>";
		};
		19F6C51018DDD61A006C2FD1 /* Supporting Files */ = {
			isa = PBXGroup;
			children = (
				19F6C51118DDD61A006C2FD1 /* StrawTests-Info.plist */,
			);
			name = "Supporting Files";
			sourceTree = "<group>";
		};
		19F6C53718E29263006C2FD1 /* Domain */ = {
			isa = PBXGroup;
			children = (
				19F6C53418E29255006C2FD1 /* STWServiceCallFactory.h */,
				19F6C53518E29255006C2FD1 /* STWServiceCallFactory.m */,
				19F6C53118E291DE006C2FD1 /* STWServiceCall.h */,
				19F6C53218E291DE006C2FD1 /* STWServiceCall.m */,
				19F6C53C18E425A9006C2FD1 /* STWServiceRepository.h */,
				19F6C53D18E425A9006C2FD1 /* STWServiceRepository.m */,
				19F6C53F18E426AC006C2FD1 /* STWService.h */,
				1992E49418F0598F00440DF9 /* STWServiceCallContext.h */,
			);
			name = Domain;
			sourceTree = "<group>";
		};
/* End PBXGroup section */

/* Begin PBXNativeTarget section */
		19F6C4F518DDD61A006C2FD1 /* Straw */ = {
			isa = PBXNativeTarget;
			buildConfigurationList = 19F6C51918DDD61A006C2FD1 /* Build configuration list for PBXNativeTarget "Straw" */;
			buildPhases = (
				083FC6EA5C0F4C97ABD99C70 /* Check Pods Manifest.lock */,
				19F6C4F218DDD61A006C2FD1 /* Sources */,
				19F6C4F318DDD61A006C2FD1 /* Frameworks */,
				19F6C4F418DDD61A006C2FD1 /* CopyFiles */,
				9E60D5194AEF4A45A16765F3 /* Copy Pods Resources */,
			);
			buildRules = (
			);
			dependencies = (
			);
			name = Straw;
			productName = Straw;
			productReference = 19F6C4F618DDD61A006C2FD1 /* libStraw.a */;
			productType = "com.apple.product-type.library.static";
		};
		19F6C50518DDD61A006C2FD1 /* StrawTests */ = {
			isa = PBXNativeTarget;
			buildConfigurationList = 19F6C51C18DDD61A006C2FD1 /* Build configuration list for PBXNativeTarget "StrawTests" */;
			buildPhases = (
				19F6C50218DDD61A006C2FD1 /* Sources */,
				19F6C50318DDD61A006C2FD1 /* Frameworks */,
				19F6C50418DDD61A006C2FD1 /* Resources */,
			);
			buildRules = (
			);
			dependencies = (
				19F6C50D18DDD61A006C2FD1 /* PBXTargetDependency */,
			);
			name = StrawTests;
			productName = StrawTests;
			productReference = 19F6C50618DDD61A006C2FD1 /* StrawTests.xctest */;
			productType = "com.apple.product-type.bundle.unit-test";
		};
/* End PBXNativeTarget section */

/* Begin PBXProject section */
		19F6C4EE18DDD61A006C2FD1 /* Project object */ = {
			isa = PBXProject;
			attributes = {
				LastUpgradeCheck = 0500;
				ORGANIZATIONNAME = kt3k.com;
			};
			buildConfigurationList = 19F6C4F118DDD61A006C2FD1 /* Build configuration list for PBXProject "Straw" */;
			compatibilityVersion = "Xcode 3.2";
			developmentRegion = English;
			hasScannedForEncodings = 0;
			knownRegions = (
				en,
			);
			mainGroup = 19F6C4ED18DDD61A006C2FD1;
			productRefGroup = 19F6C4F718DDD61A006C2FD1 /* Products */;
			projectDirPath = "";
			projectRoot = "";
			targets = (
				19F6C4F518DDD61A006C2FD1 /* Straw */,
				19F6C50518DDD61A006C2FD1 /* StrawTests */,
			);
		};
/* End PBXProject section */

/* Begin PBXResourcesBuildPhase section */
		19F6C50418DDD61A006C2FD1 /* Resources */ = {
			isa = PBXResourcesBuildPhase;
			buildActionMask = 2147483647;
			files = (
			);
			runOnlyForDeploymentPostprocessing = 0;
		};
/* End PBXResourcesBuildPhase section */

/* Begin PBXShellScriptBuildPhase section */
		083FC6EA5C0F4C97ABD99C70 /* Check Pods Manifest.lock */ = {
			isa = PBXShellScriptBuildPhase;
			buildActionMask = 2147483647;
			files = (
			);
			inputPaths = (
			);
			name = "Check Pods Manifest.lock";
			outputPaths = (
			);
			runOnlyForDeploymentPostprocessing = 0;
			shellPath = /bin/sh;
			shellScript = "diff \"${PODS_ROOT}/../Podfile.lock\" \"${PODS_ROOT}/Manifest.lock\" > /dev/null\nif [[ $? != 0 ]] ; then\n    cat << EOM\nerror: The sandbox is not in sync with the Podfile.lock. Run 'pod install' or update your CocoaPods installation.\nEOM\n    exit 1\nfi\n";
			showEnvVarsInLog = 0;
		};
		9E60D5194AEF4A45A16765F3 /* Copy Pods Resources */ = {
			isa = PBXShellScriptBuildPhase;
			buildActionMask = 2147483647;
			files = (
			);
			inputPaths = (
			);
			name = "Copy Pods Resources";
			outputPaths = (
			);
			runOnlyForDeploymentPostprocessing = 0;
			shellPath = /bin/sh;
			shellScript = "\"${SRCROOT}/Pods/Pods-resources.sh\"\n";
			showEnvVarsInLog = 0;
		};
/* End PBXShellScriptBuildPhase section */

/* Begin PBXSourcesBuildPhase section */
		19F6C4F218DDD61A006C2FD1 /* Sources */ = {
			isa = PBXSourcesBuildPhase;
			buildActionMask = 2147483647;
			files = (
				19F6C53E18E425A9006C2FD1 /* STWServiceRepository.m in Sources */,
				19F6C53318E291DE006C2FD1 /* STWServiceCall.m in Sources */,
				192FC54D18E9C899009F326C /* STWCallOperation.m in Sources */,
				1992E49B18F7775A00440DF9 /* STWLogger.m in Sources */,
				19F6C53618E29255006C2FD1 /* STWServiceCallFactory.m in Sources */,
				1992E49818F64F0C00440DF9 /* STWNativeBridge.m in Sources */,
				19F6C53A18E292A9006C2FD1 /* STWWebViewDelegate.m in Sources */,
			);
			runOnlyForDeploymentPostprocessing = 0;
		};
		19F6C50218DDD61A006C2FD1 /* Sources */ = {
			isa = PBXSourcesBuildPhase;
			buildActionMask = 2147483647;
			files = (
				192FC55018ED8CB6009F326C /* STWServiceRepositoryTests.m in Sources */,
				19F6C52118E1B04B006C2FD1 /* StrawTestObserver.m in Sources */,
				1992E49218EE712E00440DF9 /* STWServiceCallTests.m in Sources */,
			);
			runOnlyForDeploymentPostprocessing = 0;
		};
/* End PBXSourcesBuildPhase section */

/* Begin PBXTargetDependency section */
		19F6C50D18DDD61A006C2FD1 /* PBXTargetDependency */ = {
			isa = PBXTargetDependency;
			target = 19F6C4F518DDD61A006C2FD1 /* Straw */;
			targetProxy = 19F6C50C18DDD61A006C2FD1 /* PBXContainerItemProxy */;
		};
/* End PBXTargetDependency section */

/* Begin XCBuildConfiguration section */
		19F6C51718DDD61A006C2FD1 /* Debug */ = {
			isa = XCBuildConfiguration;
			buildSettings = {
				ALWAYS_SEARCH_USER_PATHS = NO;
				ARCHS = "$(ARCHS_STANDARD_INCLUDING_64_BIT)";
				CLANG_CXX_LANGUAGE_STANDARD = "gnu++0x";
				CLANG_CXX_LIBRARY = "libc++";
				CLANG_ENABLE_MODULES = YES;
				CLANG_ENABLE_OBJC_ARC = YES;
				CLANG_WARN_BOOL_CONVERSION = YES;
				CLANG_WARN_CONSTANT_CONVERSION = YES;
				CLANG_WARN_DIRECT_OBJC_ISA_USAGE = YES_ERROR;
				CLANG_WARN_EMPTY_BODY = YES;
				CLANG_WARN_ENUM_CONVERSION = YES;
				CLANG_WARN_INT_CONVERSION = YES;
				CLANG_WARN_OBJC_ROOT_CLASS = YES_ERROR;
				CLANG_WARN__DUPLICATE_METHOD_MATCH = YES;
				COPY_PHASE_STRIP = NO;
				GCC_C_LANGUAGE_STANDARD = gnu99;
				GCC_DYNAMIC_NO_PIC = NO;
				GCC_GENERATE_TEST_COVERAGE_FILES = YES;
				GCC_INSTRUMENT_PROGRAM_FLOW_ARCS = YES;
				GCC_OPTIMIZATION_LEVEL = 0;
				GCC_PREPROCESSOR_DEFINITIONS = (
					"DEBUG=1",
					"$(inherited)",
				);
				GCC_SYMBOLS_PRIVATE_EXTERN = NO;
				GCC_WARN_64_TO_32_BIT_CONVERSION = YES;
				GCC_WARN_ABOUT_RETURN_TYPE = YES_ERROR;
				GCC_WARN_UNDECLARED_SELECTOR = YES;
				GCC_WARN_UNINITIALIZED_AUTOS = YES;
				GCC_WARN_UNUSED_FUNCTION = YES;
				GCC_WARN_UNUSED_VARIABLE = YES;
				IPHONEOS_DEPLOYMENT_TARGET = 7.0;
				ONLY_ACTIVE_ARCH = YES;
				SDKROOT = iphoneos;
			};
			name = Debug;
		};
		19F6C51818DDD61A006C2FD1 /* Release */ = {
			isa = XCBuildConfiguration;
			buildSettings = {
				ALWAYS_SEARCH_USER_PATHS = NO;
				ARCHS = "$(ARCHS_STANDARD_INCLUDING_64_BIT)";
				CLANG_CXX_LANGUAGE_STANDARD = "gnu++0x";
				CLANG_CXX_LIBRARY = "libc++";
				CLANG_ENABLE_MODULES = YES;
				CLANG_ENABLE_OBJC_ARC = YES;
				CLANG_WARN_BOOL_CONVERSION = YES;
				CLANG_WARN_CONSTANT_CONVERSION = YES;
				CLANG_WARN_DIRECT_OBJC_ISA_USAGE = YES_ERROR;
				CLANG_WARN_EMPTY_BODY = YES;
				CLANG_WARN_ENUM_CONVERSION = YES;
				CLANG_WARN_INT_CONVERSION = YES;
				CLANG_WARN_OBJC_ROOT_CLASS = YES_ERROR;
				CLANG_WARN__DUPLICATE_METHOD_MATCH = YES;
				COPY_PHASE_STRIP = YES;
				ENABLE_NS_ASSERTIONS = NO;
				GCC_C_LANGUAGE_STANDARD = gnu99;
				GCC_GENERATE_TEST_COVERAGE_FILES = NO;
				GCC_INSTRUMENT_PROGRAM_FLOW_ARCS = NO;
				GCC_WARN_64_TO_32_BIT_CONVERSION = YES;
				GCC_WARN_ABOUT_RETURN_TYPE = YES_ERROR;
				GCC_WARN_UNDECLARED_SELECTOR = YES;
				GCC_WARN_UNINITIALIZED_AUTOS = YES;
				GCC_WARN_UNUSED_FUNCTION = YES;
				GCC_WARN_UNUSED_VARIABLE = YES;
				IPHONEOS_DEPLOYMENT_TARGET = 7.0;
				SDKROOT = iphoneos;
				VALIDATE_PRODUCT = YES;
			};
			name = Release;
		};
		19F6C51A18DDD61A006C2FD1 /* Debug */ = {
			isa = XCBuildConfiguration;
			baseConfigurationReference = E549ADFCA10C431885E2B4E6 /* Pods.xcconfig */;
			buildSettings = {
				DSTROOT = /tmp/Straw.dst;
				GCC_GENERATE_TEST_COVERAGE_FILES = YES;
				GCC_INSTRUMENT_PROGRAM_FLOW_ARCS = YES;
				GCC_PRECOMPILE_PREFIX_HEADER = NO;
				GCC_PREFIX_HEADER = "";
				OTHER_LDFLAGS = "-ObjC";
				PRODUCT_NAME = "$(TARGET_NAME)";
				SKIP_INSTALL = YES;
			};
			name = Debug;
		};
		19F6C51B18DDD61A006C2FD1 /* Release */ = {
			isa = XCBuildConfiguration;
			baseConfigurationReference = E549ADFCA10C431885E2B4E6 /* Pods.xcconfig */;
			buildSettings = {
				DSTROOT = /tmp/Straw.dst;
				GCC_GENERATE_TEST_COVERAGE_FILES = NO;
				GCC_INSTRUMENT_PROGRAM_FLOW_ARCS = NO;
				GCC_PRECOMPILE_PREFIX_HEADER = NO;
				GCC_PREFIX_HEADER = "";
				OTHER_LDFLAGS = "-ObjC";
				PRODUCT_NAME = "$(TARGET_NAME)";
				SKIP_INSTALL = YES;
			};
			name = Release;
		};
		19F6C51D18DDD61A006C2FD1 /* Debug */ = {
			isa = XCBuildConfiguration;
			baseConfigurationReference = E549ADFCA10C431885E2B4E6 /* Pods.xcconfig */;
			buildSettings = {
				ARCHS = "$(ARCHS_STANDARD_INCLUDING_64_BIT)";
				FRAMEWORK_SEARCH_PATHS = (
					"$(SDKROOT)/Developer/Library/Frameworks",
					"$(inherited)",
					"$(DEVELOPER_FRAMEWORKS_DIR)",
				);
				GCC_PRECOMPILE_PREFIX_HEADER = NO;
				GCC_PREFIX_HEADER = "";
				GCC_PREPROCESSOR_DEFINITIONS = (
					"DEBUG=1",
					"$(inherited)",
				);
				INFOPLIST_FILE = "StrawTests/StrawTests-Info.plist";
				PRODUCT_NAME = "$(TARGET_NAME)";
				WRAPPER_EXTENSION = xctest;
			};
			name = Debug;
		};
		19F6C51E18DDD61A006C2FD1 /* Release */ = {
			isa = XCBuildConfiguration;
			baseConfigurationReference = E549ADFCA10C431885E2B4E6 /* Pods.xcconfig */;
			buildSettings = {
				ARCHS = "$(ARCHS_STANDARD_INCLUDING_64_BIT)";
				FRAMEWORK_SEARCH_PATHS = (
					"$(SDKROOT)/Developer/Library/Frameworks",
					"$(inherited)",
					"$(DEVELOPER_FRAMEWORKS_DIR)",
				);
				GCC_PRECOMPILE_PREFIX_HEADER = NO;
				GCC_PREFIX_HEADER = "";
				INFOPLIST_FILE = "StrawTests/StrawTests-Info.plist";
				PRODUCT_NAME = "$(TARGET_NAME)";
				WRAPPER_EXTENSION = xctest;
			};
			name = Release;
		};
/* End XCBuildConfiguration section */

/* Begin XCConfigurationList section */
		19F6C4F118DDD61A006C2FD1 /* Build configuration list for PBXProject "Straw" */ = {
			isa = XCConfigurationList;
			buildConfigurations = (
				19F6C51718DDD61A006C2FD1 /* Debug */,
				19F6C51818DDD61A006C2FD1 /* Release */,
			);
			defaultConfigurationIsVisible = 0;
			defaultConfigurationName = Release;
		};
		19F6C51918DDD61A006C2FD1 /* Build configuration list for PBXNativeTarget "Straw" */ = {
			isa = XCConfigurationList;
			buildConfigurations = (
				19F6C51A18DDD61A006C2FD1 /* Debug */,
				19F6C51B18DDD61A006C2FD1 /* Release */,
			);
			defaultConfigurationIsVisible = 0;
			defaultConfigurationName = Release;
		};
		19F6C51C18DDD61A006C2FD1 /* Build configuration list for PBXNativeTarget "StrawTests" */ = {
			isa = XCConfigurationList;
			buildConfigurations = (
				19F6C51D18DDD61A006C2FD1 /* Debug */,
				19F6C51E18DDD61A006C2FD1 /* Release */,
			);
			defaultConfigurationIsVisible = 0;
			defaultConfigurationName = Release;
		};
/* End XCConfigurationList section */
	};
	rootObject = 19F6C4EE18DDD61A006C2FD1 /* Project object */;
}
